
Microsoft Visual Studio Solution File, Format Version 12.00
# Visual Studio 15
VisualStudioVersion = 15.0.26730.16
MinimumVisualStudioVersion = 10.0.40219.1
Project("{FAE04EC0-301F-11D3-BF4B-00C04F79EFBC}") = "33.Layout", "33.Layout\33.Layout.csproj", "{985FE84D-CE81-482C-963B-DFD5BB74A1FF}"
EndProject
Global
	GlobalSection(SolutionConfigurationPlatforms) = preSolution
		Debug|Any CPU = Debug|Any CPU
		Release|Any CPU = Release|Any CPU
	EndGlobalSection
	GlobalSection(ProjectConfigurationPlatforms) = postSolution
		{985FE84D-CE81-482C-963B-DFD5BB74A1FF}.Debug|Any CPU.ActiveCfg = Debug|Any CPU
		{985FE84D-CE81-482C-963B-DFD5BB74A1FF}.Debug|Any CPU.Build.0 = Debug|Any CPU
		{985FE84D-CE81-482C-963B-DFD5BB74A1FF}.Release|Any CPU.ActiveCfg = Release|Any CPU
		{985FE84D-CE81-482C-963B-DFD5BB74A1FF}.Release|Any CPU.Build.0 = Release|Any CPU
	EndGlobalSection
	GlobalSection(SolutionProperties) = preSolution
		HideSolutionNode = FALSE
	EndGlobalSection
	GlobalSection(ExtensibilityGlobals) = postSolution
		SolutionGuid = {E6D9902A-A5A4-461E-8D64-623045F515FE}
	EndGlobalSection
EndGlobal
