
Microsoft Visual Studio Solution File, Format Version 12.00
# Visual Studio 15
VisualStudioVersion = 15.0.28307.705
MinimumVisualStudioVersion = 10.0.40219.1
Project("{FAE04EC0-301F-11D3-BF4B-00C04F79EFBC}") = "App1.Android", "App1\App1.Android\App1.Android.csproj", "{0DA3461B-4F94-4446-9459-DBAC9D6FE057}"
EndProject
Project("{FAE04EC0-301F-11D3-BF4B-00C04F79EFBC}") = "App1.iOS", "App1\App1.iOS\App1.iOS.csproj", "{A14B92F5-DC92-4DA2-BB51-FA6EE7A7DE62}"
EndProject
Project("{FAE04EC0-301F-11D3-BF4B-00C04F79EFBC}") = "App1", "App1\App1\App1.csproj", "{249B5F25-0D4C-4F29-9ECE-E22CE995E16C}"
EndProject
Global
	GlobalSection(SolutionConfigurationPlatforms) = preSolution
		Ad-Hoc|Any CPU = Ad-Hoc|Any CPU
		Ad-Hoc|iPhone = Ad-Hoc|iPhone
		Ad-Hoc|iPhoneSimulator = Ad-Hoc|iPhoneSimulator
		AppStore|Any CPU = AppStore|Any CPU
		AppStore|iPhone = AppStore|iPhone
		AppStore|iPhoneSimulator = AppStore|iPhoneSimulator
		Debug|Any CPU = Debug|Any CPU
		Debug|iPhone = Debug|iPhone
		Debug|iPhoneSimulator = Debug|iPhoneSimulator
		Release|Any CPU = Release|Any CPU
		Release|iPhone = Release|iPhone
		Release|iPhoneSimulator = Release|iPhoneSimulator
	EndGlobalSection
	GlobalSection(ProjectConfigurationPlatforms) = postSolution
		{0DA3461B-4F94-4446-9459-DBAC9D6FE057}.Ad-Hoc|Any CPU.ActiveCfg = Release|Any CPU
		{0DA3461B-4F94-4446-9459-DBAC9D6FE057}.Ad-Hoc|Any CPU.Build.0 = Release|Any CPU
		{0DA3461B-4F94-4446-9459-DBAC9D6FE057}.Ad-Hoc|Any CPU.Deploy.0 = Release|Any CPU
		{0DA3461B-4F94-4446-9459-DBAC9D6FE057}.Ad-Hoc|iPhone.ActiveCfg = Release|Any CPU
		{0DA3461B-4F94-4446-9459-DBAC9D6FE057}.Ad-Hoc|iPhone.Build.0 = Release|Any CPU
		{0DA3461B-4F94-4446-9459-DBAC9D6FE057}.Ad-Hoc|iPhone.Deploy.0 = Release|Any CPU
		{0DA3461B-4F94-4446-9459-DBAC9D6FE057}.Ad-Hoc|iPhoneSimulator.ActiveCfg = Release|Any CPU
		{0DA3461B-4F94-4446-9459-DBAC9D6FE057}.Ad-Hoc|iPhoneSimulator.Build.0 = Release|Any CPU
		{0DA3461B-4F94-4446-9459-DBAC9D6FE057}.Ad-Hoc|iPhoneSimulator.Deploy.0 = Release|Any CPU
		{0DA3461B-4F94-4446-9459-DBAC9D6FE057}.AppStore|Any CPU.ActiveCfg = Release|Any CPU
		{0DA3461B-4F94-4446-9459-DBAC9D6FE057}.AppStore|Any CPU.Build.0 = Release|Any CPU
		{0DA3461B-4F94-4446-9459-DBAC9D6FE057}.AppStore|Any CPU.Deploy.0 = Release|Any CPU
		{0DA3461B-4F94-4446-9459-DBAC9D6FE057}.AppStore|iPhone.ActiveCfg = Release|Any CPU
		{0DA3461B-4F94-4446-9459-DBAC9D6FE057}.AppStore|iPhone.Build.0 = Release|Any CPU
		{0DA3461B-4F94-4446-9459-DBAC9D6FE057}.AppStore|iPhone.Deploy.0 = Release|Any CPU
		{0DA3461B-4F94-4446-9459-DBAC9D6FE057}.AppStore|iPhoneSimulator.ActiveCfg = Release|Any CPU
		{0DA3461B-4F94-4446-9459-DBAC9D6FE057}.AppStore|iPhoneSimulator.Build.0 = Release|Any CPU
		{0DA3461B-4F94-4446-9459-DBAC9D6FE057}.AppStore|iPhoneSimulator.Deploy.0 = Release|Any CPU
		{0DA3461B-4F94-4446-9459-DBAC9D6FE057}.Debug|Any CPU.ActiveCfg = Debug|Any CPU
		{0DA3461B-4F94-4446-9459-DBAC9D6FE057}.Debug|Any CPU.Build.0 = Debug|Any CPU
		{0DA3461B-4F94-4446-9459-DBAC9D6FE057}.Debug|Any CPU.Deploy.0 = Debug|Any CPU
		{0DA3461B-4F94-4446-9459-DBAC9D6FE057}.Debug|iPhone.ActiveCfg = Debug|Any CPU
		{0DA3461B-4F94-4446-9459-DBAC9D6FE057}.Debug|iPhone.Build.0 = Debug|Any CPU
		{0DA3461B-4F94-4446-9459-DBAC9D6FE057}.Debug|iPhone.Deploy.0 = Debug|Any CPU
		{0DA3461B-4F94-4446-9459-DBAC9D6FE057}.Debug|iPhoneSimulator.ActiveCfg = Debug|Any CPU
		{0DA3461B-4F94-4446-9459-DBAC9D6FE057}.Debug|iPhoneSimulator.Build.0 = Debug|Any CPU
		{0DA3461B-4F94-4446-9459-DBAC9D6FE057}.Debug|iPhoneSimulator.Deploy.0 = Debug|Any CPU
		{0DA3461B-4F94-4446-9459-DBAC9D6FE057}.Release|Any CPU.ActiveCfg = Release|Any CPU
		{0DA3461B-4F94-4446-9459-DBAC9D6FE057}.Release|Any CPU.Build.0 = Release|Any CPU
		{0DA3461B-4F94-4446-9459-DBAC9D6FE057}.Release|Any CPU.Deploy.0 = Release|Any CPU
		{0DA3461B-4F94-4446-9459-DBAC9D6FE057}.Release|iPhone.ActiveCfg = Release|Any CPU
		{0DA3461B-4F94-4446-9459-DBAC9D6FE057}.Release|iPhone.Build.0 = Release|Any CPU
		{0DA3461B-4F94-4446-9459-DBAC9D6FE057}.Release|iPhone.Deploy.0 = Release|Any CPU
		{0DA3461B-4F94-4446-9459-DBAC9D6FE057}.Release|iPhoneSimulator.ActiveCfg = Release|Any CPU
		{0DA3461B-4F94-4446-9459-DBAC9D6FE057}.Release|iPhoneSimulator.Build.0 = Release|Any CPU
		{0DA3461B-4F94-4446-9459-DBAC9D6FE057}.Release|iPhoneSimulator.Deploy.0 = Release|Any CPU
		{A14B92F5-DC92-4DA2-BB51-FA6EE7A7DE62}.Ad-Hoc|Any CPU.ActiveCfg = Ad-Hoc|iPhone
		{A14B92F5-DC92-4DA2-BB51-FA6EE7A7DE62}.Ad-Hoc|Any CPU.Build.0 = Ad-Hoc|iPhone
		{A14B92F5-DC92-4DA2-BB51-FA6EE7A7DE62}.Ad-Hoc|Any CPU.Deploy.0 = Ad-Hoc|iPhone
		{A14B92F5-DC92-4DA2-BB51-FA6EE7A7DE62}.Ad-Hoc|iPhone.ActiveCfg = Ad-Hoc|iPhone
		{A14B92F5-DC92-4DA2-BB51-FA6EE7A7DE62}.Ad-Hoc|iPhone.Build.0 = Ad-Hoc|iPhone
		{A14B92F5-DC92-4DA2-BB51-FA6EE7A7DE62}.Ad-Hoc|iPhone.Deploy.0 = Ad-Hoc|iPhone
		{A14B92F5-DC92-4DA2-BB51-FA6EE7A7DE62}.Ad-Hoc|iPhoneSimulator.ActiveCfg = Ad-Hoc|iPhoneSimulator
		{A14B92F5-DC92-4DA2-BB51-FA6EE7A7DE62}.Ad-Hoc|iPhoneSimulator.Build.0 = Ad-Hoc|iPhoneSimulator
		{A14B92F5-DC92-4DA2-BB51-FA6EE7A7DE62}.Ad-Hoc|iPhoneSimulator.Deploy.0 = Ad-Hoc|iPhoneSimulator
		{A14B92F5-DC92-4DA2-BB51-FA6EE7A7DE62}.AppStore|Any CPU.ActiveCfg = AppStore|iPhone
		{A14B92F5-DC92-4DA2-BB51-FA6EE7A7DE62}.AppStore|Any CPU.Build.0 = AppStore|iPhone
		{A14B92F5-DC92-4DA2-BB51-FA6EE7A7DE62}.AppStore|Any CPU.Deploy.0 = AppStore|iPhone
		{A14B92F5-DC92-4DA2-BB51-FA6EE7A7DE62}.AppStore|iPhone.ActiveCfg = AppStore|iPhone
		{A14B92F5-DC92-4DA2-BB51-FA6EE7A7DE62}.AppStore|iPhone.Build.0 = AppStore|iPhone
		{A14B92F5-DC92-4DA2-BB51-FA6EE7A7DE62}.AppStore|iPhone.Deploy.0 = AppStore|iPhone
		{A14B92F5-DC92-4DA2-BB51-FA6EE7A7DE62}.AppStore|iPhoneSimulator.ActiveCfg = AppStore|iPhoneSimulator
		{A14B92F5-DC92-4DA2-BB51-FA6EE7A7DE62}.AppStore|iPhoneSimulator.Build.0 = AppStore|iPhoneSimulator
		{A14B92F5-DC92-4DA2-BB51-FA6EE7A7DE62}.AppStore|iPhoneSimulator.Deploy.0 = AppStore|iPhoneSimulator
		{A14B92F5-DC92-4DA2-BB51-FA6EE7A7DE62}.Debug|Any CPU.ActiveCfg = Debug|iPhoneSimulator
		{A14B92F5-DC92-4DA2-BB51-FA6EE7A7DE62}.Debug|Any CPU.Build.0 = Debug|iPhoneSimulator
		{A14B92F5-DC92-4DA2-BB51-FA6EE7A7DE62}.Debug|Any CPU.Deploy.0 = Debug|iPhoneSimulator
		{A14B92F5-DC92-4DA2-BB51-FA6EE7A7DE62}.Debug|iPhone.ActiveCfg = Debug|iPhone
		{A14B92F5-DC92-4DA2-BB51-FA6EE7A7DE62}.Debug|iPhone.Build.0 = Debug|iPhone
		{A14B92F5-DC92-4DA2-BB51-FA6EE7A7DE62}.Debug|iPhone.Deploy.0 = Debug|iPhone
		{A14B92F5-DC92-4DA2-BB51-FA6EE7A7DE62}.Debug|iPhoneSimulator.ActiveCfg = Debug|iPhoneSimulator
		{A14B92F5-DC92-4DA2-BB51-FA6EE7A7DE62}.Debug|iPhoneSimulator.Build.0 = Debug|iPhoneSimulator
		{A14B92F5-DC92-4DA2-BB51-FA6EE7A7DE62}.Debug|iPhoneSimulator.Deploy.0 = Debug|iPhoneSimulator
		{A14B92F5-DC92-4DA2-BB51-FA6EE7A7DE62}.Release|Any CPU.ActiveCfg = Release|iPhone
		{A14B92F5-DC92-4DA2-BB51-FA6EE7A7DE62}.Release|Any CPU.Build.0 = Release|iPhone
		{A14B92F5-DC92-4DA2-BB51-FA6EE7A7DE62}.Release|Any CPU.Deploy.0 = Release|iPhone
		{A14B92F5-DC92-4DA2-BB51-FA6EE7A7DE62}.Release|iPhone.ActiveCfg = Release|iPhone
		{A14B92F5-DC92-4DA2-BB51-FA6EE7A7DE62}.Release|iPhone.Build.0 = Release|iPhone
		{A14B92F5-DC92-4DA2-BB51-FA6EE7A7DE62}.Release|iPhone.Deploy.0 = Release|iPhone
		{A14B92F5-DC92-4DA2-BB51-FA6EE7A7DE62}.Release|iPhoneSimulator.ActiveCfg = Release|iPhoneSimulator
		{A14B92F5-DC92-4DA2-BB51-FA6EE7A7DE62}.Release|iPhoneSimulator.Build.0 = Release|iPhoneSimulator
		{A14B92F5-DC92-4DA2-BB51-FA6EE7A7DE62}.Release|iPhoneSimulator.Deploy.0 = Release|iPhoneSimulator
		{249B5F25-0D4C-4F29-9ECE-E22CE995E16C}.Ad-Hoc|Any CPU.ActiveCfg = Debug|Any CPU
		{249B5F25-0D4C-4F29-9ECE-E22CE995E16C}.Ad-Hoc|Any CPU.Build.0 = Debug|Any CPU
		{249B5F25-0D4C-4F29-9ECE-E22CE995E16C}.Ad-Hoc|Any CPU.Deploy.0 = Debug|Any CPU
		{249B5F25-0D4C-4F29-9ECE-E22CE995E16C}.Ad-Hoc|iPhone.ActiveCfg = Debug|Any CPU
		{249B5F25-0D4C-4F29-9ECE-E22CE995E16C}.Ad-Hoc|iPhone.Build.0 = Debug|Any CPU
		{249B5F25-0D4C-4F29-9ECE-E22CE995E16C}.Ad-Hoc|iPhone.Deploy.0 = Debug|Any CPU
		{249B5F25-0D4C-4F29-9ECE-E22CE995E16C}.Ad-Hoc|iPhoneSimulator.ActiveCfg = Debug|Any CPU
		{249B5F25-0D4C-4F29-9ECE-E22CE995E16C}.Ad-Hoc|iPhoneSimulator.Build.0 = Debug|Any CPU
		{249B5F25-0D4C-4F29-9ECE-E22CE995E16C}.Ad-Hoc|iPhoneSimulator.Deploy.0 = Debug|Any CPU
		{249B5F25-0D4C-4F29-9ECE-E22CE995E16C}.AppStore|Any CPU.ActiveCfg = Debug|Any CPU
		{249B5F25-0D4C-4F29-9ECE-E22CE995E16C}.AppStore|Any CPU.Build.0 = Debug|Any CPU
		{249B5F25-0D4C-4F29-9ECE-E22CE995E16C}.AppStore|Any CPU.Deploy.0 = Debug|Any CPU
		{249B5F25-0D4C-4F29-9ECE-E22CE995E16C}.AppStore|iPhone.ActiveCfg = Debug|Any CPU
		{249B5F25-0D4C-4F29-9ECE-E22CE995E16C}.AppStore|iPhone.Build.0 = Debug|Any CPU
		{249B5F25-0D4C-4F29-9ECE-E22CE995E16C}.AppStore|iPhone.Deploy.0 = Debug|Any CPU
		{249B5F25-0D4C-4F29-9ECE-E22CE995E16C}.AppStore|iPhoneSimulator.ActiveCfg = Debug|Any CPU
		{249B5F25-0D4C-4F29-9ECE-E22CE995E16C}.AppStore|iPhoneSimulator.Build.0 = Debug|Any CPU
		{249B5F25-0D4C-4F29-9ECE-E22CE995E16C}.AppStore|iPhoneSimulator.Deploy.0 = Debug|Any CPU
		{249B5F25-0D4C-4F29-9ECE-E22CE995E16C}.Debug|Any CPU.ActiveCfg = Debug|Any CPU
		{249B5F25-0D4C-4F29-9ECE-E22CE995E16C}.Debug|Any CPU.Build.0 = Debug|Any CPU
		{249B5F25-0D4C-4F29-9ECE-E22CE995E16C}.Debug|Any CPU.Deploy.0 = Debug|Any CPU
		{249B5F25-0D4C-4F29-9ECE-E22CE995E16C}.Debug|iPhone.ActiveCfg = Debug|Any CPU
		{249B5F25-0D4C-4F29-9ECE-E22CE995E16C}.Debug|iPhone.Build.0 = Debug|Any CPU
		{249B5F25-0D4C-4F29-9ECE-E22CE995E16C}.Debug|iPhone.Deploy.0 = Debug|Any CPU
		{249B5F25-0D4C-4F29-9ECE-E22CE995E16C}.Debug|iPhoneSimulator.ActiveCfg = Debug|Any CPU
		{249B5F25-0D4C-4F29-9ECE-E22CE995E16C}.Debug|iPhoneSimulator.Build.0 = Debug|Any CPU
		{249B5F25-0D4C-4F29-9ECE-E22CE995E16C}.Debug|iPhoneSimulator.Deploy.0 = Debug|Any CPU
		{249B5F25-0D4C-4F29-9ECE-E22CE995E16C}.Release|Any CPU.ActiveCfg = Release|Any CPU
		{249B5F25-0D4C-4F29-9ECE-E22CE995E16C}.Release|Any CPU.Build.0 = Release|Any CPU
		{249B5F25-0D4C-4F29-9ECE-E22CE995E16C}.Release|Any CPU.Deploy.0 = Release|Any CPU
		{249B5F25-0D4C-4F29-9ECE-E22CE995E16C}.Release|iPhone.ActiveCfg = Release|Any CPU
		{249B5F25-0D4C-4F29-9ECE-E22CE995E16C}.Release|iPhone.Build.0 = Release|Any CPU
		{249B5F25-0D4C-4F29-9ECE-E22CE995E16C}.Release|iPhone.Deploy.0 = Release|Any CPU
		{249B5F25-0D4C-4F29-9ECE-E22CE995E16C}.Release|iPhoneSimulator.ActiveCfg = Release|Any CPU
		{249B5F25-0D4C-4F29-9ECE-E22CE995E16C}.Release|iPhoneSimulator.Build.0 = Release|Any CPU
		{249B5F25-0D4C-4F29-9ECE-E22CE995E16C}.Release|iPhoneSimulator.Deploy.0 = Release|Any CPU
	EndGlobalSection
	GlobalSection(SolutionProperties) = preSolution
		HideSolutionNode = FALSE
	EndGlobalSection
	GlobalSection(ExtensibilityGlobals) = postSolution
		SolutionGuid = {B2F7B9D8-F3B3-4ABD-BCB8-B3F5F59CA101}
	EndGlobalSection
EndGlobal
