
Microsoft Visual Studio Solution File, Format Version 12.00
# Visual Studio 15
VisualStudioVersion = 15.0.28307.705
MinimumVisualStudioVersion = 10.0.40219.1
Project("{FAE04EC0-301F-11D3-BF4B-00C04F79EFBC}") = "App2.Android", "App2\App2.Android\App2.Android.csproj", "{D02492F2-A694-4421-BAB7-4766EB457941}"
EndProject
Project("{FAE04EC0-301F-11D3-BF4B-00C04F79EFBC}") = "App2.iOS", "App2\App2.iOS\App2.iOS.csproj", "{BD0E7EFA-B095-485F-A6D2-07E1A322595E}"
EndProject
Project("{FAE04EC0-301F-11D3-BF4B-00C04F79EFBC}") = "App2", "App2\App2\App2.csproj", "{DCF36B92-0E5B-4518-BD01-5AB3E46D30B1}"
EndProject
Global
	GlobalSection(SolutionConfigurationPlatforms) = preSolution
		Ad-Hoc|Any CPU = Ad-Hoc|Any CPU
		Ad-Hoc|iPhone = Ad-Hoc|iPhone
		Ad-Hoc|iPhoneSimulator = Ad-Hoc|iPhoneSimulator
		AppStore|Any CPU = AppStore|Any CPU
		AppStore|iPhone = AppStore|iPhone
		AppStore|iPhoneSimulator = AppStore|iPhoneSimulator
		Debug|Any CPU = Debug|Any CPU
		Debug|iPhone = Debug|iPhone
		Debug|iPhoneSimulator = Debug|iPhoneSimulator
		Release|Any CPU = Release|Any CPU
		Release|iPhone = Release|iPhone
		Release|iPhoneSimulator = Release|iPhoneSimulator
	EndGlobalSection
	GlobalSection(ProjectConfigurationPlatforms) = postSolution
		{D02492F2-A694-4421-BAB7-4766EB457941}.Ad-Hoc|Any CPU.ActiveCfg = Release|Any CPU
		{D02492F2-A694-4421-BAB7-4766EB457941}.Ad-Hoc|Any CPU.Build.0 = Release|Any CPU
		{D02492F2-A694-4421-BAB7-4766EB457941}.Ad-Hoc|Any CPU.Deploy.0 = Release|Any CPU
		{D02492F2-A694-4421-BAB7-4766EB457941}.Ad-Hoc|iPhone.ActiveCfg = Release|Any CPU
		{D02492F2-A694-4421-BAB7-4766EB457941}.Ad-Hoc|iPhone.Build.0 = Release|Any CPU
		{D02492F2-A694-4421-BAB7-4766EB457941}.Ad-Hoc|iPhone.Deploy.0 = Release|Any CPU
		{D02492F2-A694-4421-BAB7-4766EB457941}.Ad-Hoc|iPhoneSimulator.ActiveCfg = Release|Any CPU
		{D02492F2-A694-4421-BAB7-4766EB457941}.Ad-Hoc|iPhoneSimulator.Build.0 = Release|Any CPU
		{D02492F2-A694-4421-BAB7-4766EB457941}.Ad-Hoc|iPhoneSimulator.Deploy.0 = Release|Any CPU
		{D02492F2-A694-4421-BAB7-4766EB457941}.AppStore|Any CPU.ActiveCfg = Release|Any CPU
		{D02492F2-A694-4421-BAB7-4766EB457941}.AppStore|Any CPU.Build.0 = Release|Any CPU
		{D02492F2-A694-4421-BAB7-4766EB457941}.AppStore|Any CPU.Deploy.0 = Release|Any CPU
		{D02492F2-A694-4421-BAB7-4766EB457941}.AppStore|iPhone.ActiveCfg = Release|Any CPU
		{D02492F2-A694-4421-BAB7-4766EB457941}.AppStore|iPhone.Build.0 = Release|Any CPU
		{D02492F2-A694-4421-BAB7-4766EB457941}.AppStore|iPhone.Deploy.0 = Release|Any CPU
		{D02492F2-A694-4421-BAB7-4766EB457941}.AppStore|iPhoneSimulator.ActiveCfg = Release|Any CPU
		{D02492F2-A694-4421-BAB7-4766EB457941}.AppStore|iPhoneSimulator.Build.0 = Release|Any CPU
		{D02492F2-A694-4421-BAB7-4766EB457941}.AppStore|iPhoneSimulator.Deploy.0 = Release|Any CPU
		{D02492F2-A694-4421-BAB7-4766EB457941}.Debug|Any CPU.ActiveCfg = Debug|Any CPU
		{D02492F2-A694-4421-BAB7-4766EB457941}.Debug|Any CPU.Build.0 = Debug|Any CPU
		{D02492F2-A694-4421-BAB7-4766EB457941}.Debug|Any CPU.Deploy.0 = Debug|Any CPU
		{D02492F2-A694-4421-BAB7-4766EB457941}.Debug|iPhone.ActiveCfg = Debug|Any CPU
		{D02492F2-A694-4421-BAB7-4766EB457941}.Debug|iPhone.Build.0 = Debug|Any CPU
		{D02492F2-A694-4421-BAB7-4766EB457941}.Debug|iPhone.Deploy.0 = Debug|Any CPU
		{D02492F2-A694-4421-BAB7-4766EB457941}.Debug|iPhoneSimulator.ActiveCfg = Debug|Any CPU
		{D02492F2-A694-4421-BAB7-4766EB457941}.Debug|iPhoneSimulator.Build.0 = Debug|Any CPU
		{D02492F2-A694-4421-BAB7-4766EB457941}.Debug|iPhoneSimulator.Deploy.0 = Debug|Any CPU
		{D02492F2-A694-4421-BAB7-4766EB457941}.Release|Any CPU.ActiveCfg = Release|Any CPU
		{D02492F2-A694-4421-BAB7-4766EB457941}.Release|Any CPU.Build.0 = Release|Any CPU
		{D02492F2-A694-4421-BAB7-4766EB457941}.Release|Any CPU.Deploy.0 = Release|Any CPU
		{D02492F2-A694-4421-BAB7-4766EB457941}.Release|iPhone.ActiveCfg = Release|Any CPU
		{D02492F2-A694-4421-BAB7-4766EB457941}.Release|iPhone.Build.0 = Release|Any CPU
		{D02492F2-A694-4421-BAB7-4766EB457941}.Release|iPhone.Deploy.0 = Release|Any CPU
		{D02492F2-A694-4421-BAB7-4766EB457941}.Release|iPhoneSimulator.ActiveCfg = Release|Any CPU
		{D02492F2-A694-4421-BAB7-4766EB457941}.Release|iPhoneSimulator.Build.0 = Release|Any CPU
		{D02492F2-A694-4421-BAB7-4766EB457941}.Release|iPhoneSimulator.Deploy.0 = Release|Any CPU
		{BD0E7EFA-B095-485F-A6D2-07E1A322595E}.Ad-Hoc|Any CPU.ActiveCfg = Ad-Hoc|iPhone
		{BD0E7EFA-B095-485F-A6D2-07E1A322595E}.Ad-Hoc|Any CPU.Build.0 = Ad-Hoc|iPhone
		{BD0E7EFA-B095-485F-A6D2-07E1A322595E}.Ad-Hoc|Any CPU.Deploy.0 = Ad-Hoc|iPhone
		{BD0E7EFA-B095-485F-A6D2-07E1A322595E}.Ad-Hoc|iPhone.ActiveCfg = Ad-Hoc|iPhone
		{BD0E7EFA-B095-485F-A6D2-07E1A322595E}.Ad-Hoc|iPhone.Build.0 = Ad-Hoc|iPhone
		{BD0E7EFA-B095-485F-A6D2-07E1A322595E}.Ad-Hoc|iPhone.Deploy.0 = Ad-Hoc|iPhone
		{BD0E7EFA-B095-485F-A6D2-07E1A322595E}.Ad-Hoc|iPhoneSimulator.ActiveCfg = Ad-Hoc|iPhoneSimulator
		{BD0E7EFA-B095-485F-A6D2-07E1A322595E}.Ad-Hoc|iPhoneSimulator.Build.0 = Ad-Hoc|iPhoneSimulator
		{BD0E7EFA-B095-485F-A6D2-07E1A322595E}.Ad-Hoc|iPhoneSimulator.Deploy.0 = Ad-Hoc|iPhoneSimulator
		{BD0E7EFA-B095-485F-A6D2-07E1A322595E}.AppStore|Any CPU.ActiveCfg = AppStore|iPhone
		{BD0E7EFA-B095-485F-A6D2-07E1A322595E}.AppStore|Any CPU.Build.0 = AppStore|iPhone
		{BD0E7EFA-B095-485F-A6D2-07E1A322595E}.AppStore|Any CPU.Deploy.0 = AppStore|iPhone
		{BD0E7EFA-B095-485F-A6D2-07E1A322595E}.AppStore|iPhone.ActiveCfg = AppStore|iPhone
		{BD0E7EFA-B095-485F-A6D2-07E1A322595E}.AppStore|iPhone.Build.0 = AppStore|iPhone
		{BD0E7EFA-B095-485F-A6D2-07E1A322595E}.AppStore|iPhone.Deploy.0 = AppStore|iPhone
		{BD0E7EFA-B095-485F-A6D2-07E1A322595E}.AppStore|iPhoneSimulator.ActiveCfg = AppStore|iPhoneSimulator
		{BD0E7EFA-B095-485F-A6D2-07E1A322595E}.AppStore|iPhoneSimulator.Build.0 = AppStore|iPhoneSimulator
		{BD0E7EFA-B095-485F-A6D2-07E1A322595E}.AppStore|iPhoneSimulator.Deploy.0 = AppStore|iPhoneSimulator
		{BD0E7EFA-B095-485F-A6D2-07E1A322595E}.Debug|Any CPU.ActiveCfg = Debug|iPhoneSimulator
		{BD0E7EFA-B095-485F-A6D2-07E1A322595E}.Debug|Any CPU.Build.0 = Debug|iPhoneSimulator
		{BD0E7EFA-B095-485F-A6D2-07E1A322595E}.Debug|Any CPU.Deploy.0 = Debug|iPhoneSimulator
		{BD0E7EFA-B095-485F-A6D2-07E1A322595E}.Debug|iPhone.ActiveCfg = Debug|iPhone
		{BD0E7EFA-B095-485F-A6D2-07E1A322595E}.Debug|iPhone.Build.0 = Debug|iPhone
		{BD0E7EFA-B095-485F-A6D2-07E1A322595E}.Debug|iPhone.Deploy.0 = Debug|iPhone
		{BD0E7EFA-B095-485F-A6D2-07E1A322595E}.Debug|iPhoneSimulator.ActiveCfg = Debug|iPhoneSimulator
		{BD0E7EFA-B095-485F-A6D2-07E1A322595E}.Debug|iPhoneSimulator.Build.0 = Debug|iPhoneSimulator
		{BD0E7EFA-B095-485F-A6D2-07E1A322595E}.Debug|iPhoneSimulator.Deploy.0 = Debug|iPhoneSimulator
		{BD0E7EFA-B095-485F-A6D2-07E1A322595E}.Release|Any CPU.ActiveCfg = Release|iPhone
		{BD0E7EFA-B095-485F-A6D2-07E1A322595E}.Release|Any CPU.Build.0 = Release|iPhone
		{BD0E7EFA-B095-485F-A6D2-07E1A322595E}.Release|Any CPU.Deploy.0 = Release|iPhone
		{BD0E7EFA-B095-485F-A6D2-07E1A322595E}.Release|iPhone.ActiveCfg = Release|iPhone
		{BD0E7EFA-B095-485F-A6D2-07E1A322595E}.Release|iPhone.Build.0 = Release|iPhone
		{BD0E7EFA-B095-485F-A6D2-07E1A322595E}.Release|iPhone.Deploy.0 = Release|iPhone
		{BD0E7EFA-B095-485F-A6D2-07E1A322595E}.Release|iPhoneSimulator.ActiveCfg = Release|iPhoneSimulator
		{BD0E7EFA-B095-485F-A6D2-07E1A322595E}.Release|iPhoneSimulator.Build.0 = Release|iPhoneSimulator
		{BD0E7EFA-B095-485F-A6D2-07E1A322595E}.Release|iPhoneSimulator.Deploy.0 = Release|iPhoneSimulator
		{DCF36B92-0E5B-4518-BD01-5AB3E46D30B1}.Ad-Hoc|Any CPU.ActiveCfg = Debug|Any CPU
		{DCF36B92-0E5B-4518-BD01-5AB3E46D30B1}.Ad-Hoc|Any CPU.Build.0 = Debug|Any CPU
		{DCF36B92-0E5B-4518-BD01-5AB3E46D30B1}.Ad-Hoc|Any CPU.Deploy.0 = Debug|Any CPU
		{DCF36B92-0E5B-4518-BD01-5AB3E46D30B1}.Ad-Hoc|iPhone.ActiveCfg = Debug|Any CPU
		{DCF36B92-0E5B-4518-BD01-5AB3E46D30B1}.Ad-Hoc|iPhone.Build.0 = Debug|Any CPU
		{DCF36B92-0E5B-4518-BD01-5AB3E46D30B1}.Ad-Hoc|iPhone.Deploy.0 = Debug|Any CPU
		{DCF36B92-0E5B-4518-BD01-5AB3E46D30B1}.Ad-Hoc|iPhoneSimulator.ActiveCfg = Debug|Any CPU
		{DCF36B92-0E5B-4518-BD01-5AB3E46D30B1}.Ad-Hoc|iPhoneSimulator.Build.0 = Debug|Any CPU
		{DCF36B92-0E5B-4518-BD01-5AB3E46D30B1}.Ad-Hoc|iPhoneSimulator.Deploy.0 = Debug|Any CPU
		{DCF36B92-0E5B-4518-BD01-5AB3E46D30B1}.AppStore|Any CPU.ActiveCfg = Debug|Any CPU
		{DCF36B92-0E5B-4518-BD01-5AB3E46D30B1}.AppStore|Any CPU.Build.0 = Debug|Any CPU
		{DCF36B92-0E5B-4518-BD01-5AB3E46D30B1}.AppStore|Any CPU.Deploy.0 = Debug|Any CPU
		{DCF36B92-0E5B-4518-BD01-5AB3E46D30B1}.AppStore|iPhone.ActiveCfg = Debug|Any CPU
		{DCF36B92-0E5B-4518-BD01-5AB3E46D30B1}.AppStore|iPhone.Build.0 = Debug|Any CPU
		{DCF36B92-0E5B-4518-BD01-5AB3E46D30B1}.AppStore|iPhone.Deploy.0 = Debug|Any CPU
		{DCF36B92-0E5B-4518-BD01-5AB3E46D30B1}.AppStore|iPhoneSimulator.ActiveCfg = Debug|Any CPU
		{DCF36B92-0E5B-4518-BD01-5AB3E46D30B1}.AppStore|iPhoneSimulator.Build.0 = Debug|Any CPU
		{DCF36B92-0E5B-4518-BD01-5AB3E46D30B1}.AppStore|iPhoneSimulator.Deploy.0 = Debug|Any CPU
		{DCF36B92-0E5B-4518-BD01-5AB3E46D30B1}.Debug|Any CPU.ActiveCfg = Debug|Any CPU
		{DCF36B92-0E5B-4518-BD01-5AB3E46D30B1}.Debug|Any CPU.Build.0 = Debug|Any CPU
		{DCF36B92-0E5B-4518-BD01-5AB3E46D30B1}.Debug|Any CPU.Deploy.0 = Debug|Any CPU
		{DCF36B92-0E5B-4518-BD01-5AB3E46D30B1}.Debug|iPhone.ActiveCfg = Debug|Any CPU
		{DCF36B92-0E5B-4518-BD01-5AB3E46D30B1}.Debug|iPhone.Build.0 = Debug|Any CPU
		{DCF36B92-0E5B-4518-BD01-5AB3E46D30B1}.Debug|iPhone.Deploy.0 = Debug|Any CPU
		{DCF36B92-0E5B-4518-BD01-5AB3E46D30B1}.Debug|iPhoneSimulator.ActiveCfg = Debug|Any CPU
		{DCF36B92-0E5B-4518-BD01-5AB3E46D30B1}.Debug|iPhoneSimulator.Build.0 = Debug|Any CPU
		{DCF36B92-0E5B-4518-BD01-5AB3E46D30B1}.Debug|iPhoneSimulator.Deploy.0 = Debug|Any CPU
		{DCF36B92-0E5B-4518-BD01-5AB3E46D30B1}.Release|Any CPU.ActiveCfg = Release|Any CPU
		{DCF36B92-0E5B-4518-BD01-5AB3E46D30B1}.Release|Any CPU.Build.0 = Release|Any CPU
		{DCF36B92-0E5B-4518-BD01-5AB3E46D30B1}.Release|Any CPU.Deploy.0 = Release|Any CPU
		{DCF36B92-0E5B-4518-BD01-5AB3E46D30B1}.Release|iPhone.ActiveCfg = Release|Any CPU
		{DCF36B92-0E5B-4518-BD01-5AB3E46D30B1}.Release|iPhone.Build.0 = Release|Any CPU
		{DCF36B92-0E5B-4518-BD01-5AB3E46D30B1}.Release|iPhone.Deploy.0 = Release|Any CPU
		{DCF36B92-0E5B-4518-BD01-5AB3E46D30B1}.Release|iPhoneSimulator.ActiveCfg = Release|Any CPU
		{DCF36B92-0E5B-4518-BD01-5AB3E46D30B1}.Release|iPhoneSimulator.Build.0 = Release|Any CPU
		{DCF36B92-0E5B-4518-BD01-5AB3E46D30B1}.Release|iPhoneSimulator.Deploy.0 = Release|Any CPU
	EndGlobalSection
	GlobalSection(SolutionProperties) = preSolution
		HideSolutionNode = FALSE
	EndGlobalSection
	GlobalSection(ExtensibilityGlobals) = postSolution
		SolutionGuid = {DDBC13D1-6455-4002-A1AE-3FBFBCEA9E0D}
	EndGlobalSection
EndGlobal
