
Microsoft Visual Studio Solution File, Format Version 12.00
# Visual Studio 15
VisualStudioVersion = 15.0.28307.705
MinimumVisualStudioVersion = 10.0.40219.1
Project("{FAE04EC0-301F-11D3-BF4B-00C04F79EFBC}") = "App5.Android", "App5\App5.Android\App5.Android.csproj", "{9DF217C5-8E61-4641-88CD-796397A65CC0}"
EndProject
Project("{FAE04EC0-301F-11D3-BF4B-00C04F79EFBC}") = "App5.iOS", "App5\App5.iOS\App5.iOS.csproj", "{A9C0E7D6-30FB-4964-AE9D-ECFBCEACE8B5}"
EndProject
Project("{FAE04EC0-301F-11D3-BF4B-00C04F79EFBC}") = "App5", "App5\App5\App5.csproj", "{AFB5A141-3C2F-467B-A869-06AD6B4D1E34}"
EndProject
Global
	GlobalSection(SolutionConfigurationPlatforms) = preSolution
		Ad-Hoc|Any CPU = Ad-Hoc|Any CPU
		Ad-Hoc|iPhone = Ad-Hoc|iPhone
		Ad-Hoc|iPhoneSimulator = Ad-Hoc|iPhoneSimulator
		AppStore|Any CPU = AppStore|Any CPU
		AppStore|iPhone = AppStore|iPhone
		AppStore|iPhoneSimulator = AppStore|iPhoneSimulator
		Debug|Any CPU = Debug|Any CPU
		Debug|iPhone = Debug|iPhone
		Debug|iPhoneSimulator = Debug|iPhoneSimulator
		Release|Any CPU = Release|Any CPU
		Release|iPhone = Release|iPhone
		Release|iPhoneSimulator = Release|iPhoneSimulator
	EndGlobalSection
	GlobalSection(ProjectConfigurationPlatforms) = postSolution
		{9DF217C5-8E61-4641-88CD-796397A65CC0}.Ad-Hoc|Any CPU.ActiveCfg = Release|Any CPU
		{9DF217C5-8E61-4641-88CD-796397A65CC0}.Ad-Hoc|Any CPU.Build.0 = Release|Any CPU
		{9DF217C5-8E61-4641-88CD-796397A65CC0}.Ad-Hoc|Any CPU.Deploy.0 = Release|Any CPU
		{9DF217C5-8E61-4641-88CD-796397A65CC0}.Ad-Hoc|iPhone.ActiveCfg = Release|Any CPU
		{9DF217C5-8E61-4641-88CD-796397A65CC0}.Ad-Hoc|iPhone.Build.0 = Release|Any CPU
		{9DF217C5-8E61-4641-88CD-796397A65CC0}.Ad-Hoc|iPhone.Deploy.0 = Release|Any CPU
		{9DF217C5-8E61-4641-88CD-796397A65CC0}.Ad-Hoc|iPhoneSimulator.ActiveCfg = Release|Any CPU
		{9DF217C5-8E61-4641-88CD-796397A65CC0}.Ad-Hoc|iPhoneSimulator.Build.0 = Release|Any CPU
		{9DF217C5-8E61-4641-88CD-796397A65CC0}.Ad-Hoc|iPhoneSimulator.Deploy.0 = Release|Any CPU
		{9DF217C5-8E61-4641-88CD-796397A65CC0}.AppStore|Any CPU.ActiveCfg = Release|Any CPU
		{9DF217C5-8E61-4641-88CD-796397A65CC0}.AppStore|Any CPU.Build.0 = Release|Any CPU
		{9DF217C5-8E61-4641-88CD-796397A65CC0}.AppStore|Any CPU.Deploy.0 = Release|Any CPU
		{9DF217C5-8E61-4641-88CD-796397A65CC0}.AppStore|iPhone.ActiveCfg = Release|Any CPU
		{9DF217C5-8E61-4641-88CD-796397A65CC0}.AppStore|iPhone.Build.0 = Release|Any CPU
		{9DF217C5-8E61-4641-88CD-796397A65CC0}.AppStore|iPhone.Deploy.0 = Release|Any CPU
		{9DF217C5-8E61-4641-88CD-796397A65CC0}.AppStore|iPhoneSimulator.ActiveCfg = Release|Any CPU
		{9DF217C5-8E61-4641-88CD-796397A65CC0}.AppStore|iPhoneSimulator.Build.0 = Release|Any CPU
		{9DF217C5-8E61-4641-88CD-796397A65CC0}.AppStore|iPhoneSimulator.Deploy.0 = Release|Any CPU
		{9DF217C5-8E61-4641-88CD-796397A65CC0}.Debug|Any CPU.ActiveCfg = Debug|Any CPU
		{9DF217C5-8E61-4641-88CD-796397A65CC0}.Debug|Any CPU.Build.0 = Debug|Any CPU
		{9DF217C5-8E61-4641-88CD-796397A65CC0}.Debug|Any CPU.Deploy.0 = Debug|Any CPU
		{9DF217C5-8E61-4641-88CD-796397A65CC0}.Debug|iPhone.ActiveCfg = Debug|Any CPU
		{9DF217C5-8E61-4641-88CD-796397A65CC0}.Debug|iPhone.Build.0 = Debug|Any CPU
		{9DF217C5-8E61-4641-88CD-796397A65CC0}.Debug|iPhone.Deploy.0 = Debug|Any CPU
		{9DF217C5-8E61-4641-88CD-796397A65CC0}.Debug|iPhoneSimulator.ActiveCfg = Debug|Any CPU
		{9DF217C5-8E61-4641-88CD-796397A65CC0}.Debug|iPhoneSimulator.Build.0 = Debug|Any CPU
		{9DF217C5-8E61-4641-88CD-796397A65CC0}.Debug|iPhoneSimulator.Deploy.0 = Debug|Any CPU
		{9DF217C5-8E61-4641-88CD-796397A65CC0}.Release|Any CPU.ActiveCfg = Release|Any CPU
		{9DF217C5-8E61-4641-88CD-796397A65CC0}.Release|Any CPU.Build.0 = Release|Any CPU
		{9DF217C5-8E61-4641-88CD-796397A65CC0}.Release|Any CPU.Deploy.0 = Release|Any CPU
		{9DF217C5-8E61-4641-88CD-796397A65CC0}.Release|iPhone.ActiveCfg = Release|Any CPU
		{9DF217C5-8E61-4641-88CD-796397A65CC0}.Release|iPhone.Build.0 = Release|Any CPU
		{9DF217C5-8E61-4641-88CD-796397A65CC0}.Release|iPhone.Deploy.0 = Release|Any CPU
		{9DF217C5-8E61-4641-88CD-796397A65CC0}.Release|iPhoneSimulator.ActiveCfg = Release|Any CPU
		{9DF217C5-8E61-4641-88CD-796397A65CC0}.Release|iPhoneSimulator.Build.0 = Release|Any CPU
		{9DF217C5-8E61-4641-88CD-796397A65CC0}.Release|iPhoneSimulator.Deploy.0 = Release|Any CPU
		{A9C0E7D6-30FB-4964-AE9D-ECFBCEACE8B5}.Ad-Hoc|Any CPU.ActiveCfg = Ad-Hoc|iPhone
		{A9C0E7D6-30FB-4964-AE9D-ECFBCEACE8B5}.Ad-Hoc|Any CPU.Build.0 = Ad-Hoc|iPhone
		{A9C0E7D6-30FB-4964-AE9D-ECFBCEACE8B5}.Ad-Hoc|Any CPU.Deploy.0 = Ad-Hoc|iPhone
		{A9C0E7D6-30FB-4964-AE9D-ECFBCEACE8B5}.Ad-Hoc|iPhone.ActiveCfg = Ad-Hoc|iPhone
		{A9C0E7D6-30FB-4964-AE9D-ECFBCEACE8B5}.Ad-Hoc|iPhone.Build.0 = Ad-Hoc|iPhone
		{A9C0E7D6-30FB-4964-AE9D-ECFBCEACE8B5}.Ad-Hoc|iPhone.Deploy.0 = Ad-Hoc|iPhone
		{A9C0E7D6-30FB-4964-AE9D-ECFBCEACE8B5}.Ad-Hoc|iPhoneSimulator.ActiveCfg = Ad-Hoc|iPhoneSimulator
		{A9C0E7D6-30FB-4964-AE9D-ECFBCEACE8B5}.Ad-Hoc|iPhoneSimulator.Build.0 = Ad-Hoc|iPhoneSimulator
		{A9C0E7D6-30FB-4964-AE9D-ECFBCEACE8B5}.Ad-Hoc|iPhoneSimulator.Deploy.0 = Ad-Hoc|iPhoneSimulator
		{A9C0E7D6-30FB-4964-AE9D-ECFBCEACE8B5}.AppStore|Any CPU.ActiveCfg = AppStore|iPhone
		{A9C0E7D6-30FB-4964-AE9D-ECFBCEACE8B5}.AppStore|Any CPU.Build.0 = AppStore|iPhone
		{A9C0E7D6-30FB-4964-AE9D-ECFBCEACE8B5}.AppStore|Any CPU.Deploy.0 = AppStore|iPhone
		{A9C0E7D6-30FB-4964-AE9D-ECFBCEACE8B5}.AppStore|iPhone.ActiveCfg = AppStore|iPhone
		{A9C0E7D6-30FB-4964-AE9D-ECFBCEACE8B5}.AppStore|iPhone.Build.0 = AppStore|iPhone
		{A9C0E7D6-30FB-4964-AE9D-ECFBCEACE8B5}.AppStore|iPhone.Deploy.0 = AppStore|iPhone
		{A9C0E7D6-30FB-4964-AE9D-ECFBCEACE8B5}.AppStore|iPhoneSimulator.ActiveCfg = AppStore|iPhoneSimulator
		{A9C0E7D6-30FB-4964-AE9D-ECFBCEACE8B5}.AppStore|iPhoneSimulator.Build.0 = AppStore|iPhoneSimulator
		{A9C0E7D6-30FB-4964-AE9D-ECFBCEACE8B5}.AppStore|iPhoneSimulator.Deploy.0 = AppStore|iPhoneSimulator
		{A9C0E7D6-30FB-4964-AE9D-ECFBCEACE8B5}.Debug|Any CPU.ActiveCfg = Debug|iPhoneSimulator
		{A9C0E7D6-30FB-4964-AE9D-ECFBCEACE8B5}.Debug|Any CPU.Build.0 = Debug|iPhoneSimulator
		{A9C0E7D6-30FB-4964-AE9D-ECFBCEACE8B5}.Debug|Any CPU.Deploy.0 = Debug|iPhoneSimulator
		{A9C0E7D6-30FB-4964-AE9D-ECFBCEACE8B5}.Debug|iPhone.ActiveCfg = Debug|iPhone
		{A9C0E7D6-30FB-4964-AE9D-ECFBCEACE8B5}.Debug|iPhone.Build.0 = Debug|iPhone
		{A9C0E7D6-30FB-4964-AE9D-ECFBCEACE8B5}.Debug|iPhone.Deploy.0 = Debug|iPhone
		{A9C0E7D6-30FB-4964-AE9D-ECFBCEACE8B5}.Debug|iPhoneSimulator.ActiveCfg = Debug|iPhoneSimulator
		{A9C0E7D6-30FB-4964-AE9D-ECFBCEACE8B5}.Debug|iPhoneSimulator.Build.0 = Debug|iPhoneSimulator
		{A9C0E7D6-30FB-4964-AE9D-ECFBCEACE8B5}.Debug|iPhoneSimulator.Deploy.0 = Debug|iPhoneSimulator
		{A9C0E7D6-30FB-4964-AE9D-ECFBCEACE8B5}.Release|Any CPU.ActiveCfg = Release|iPhone
		{A9C0E7D6-30FB-4964-AE9D-ECFBCEACE8B5}.Release|Any CPU.Build.0 = Release|iPhone
		{A9C0E7D6-30FB-4964-AE9D-ECFBCEACE8B5}.Release|Any CPU.Deploy.0 = Release|iPhone
		{A9C0E7D6-30FB-4964-AE9D-ECFBCEACE8B5}.Release|iPhone.ActiveCfg = Release|iPhone
		{A9C0E7D6-30FB-4964-AE9D-ECFBCEACE8B5}.Release|iPhone.Build.0 = Release|iPhone
		{A9C0E7D6-30FB-4964-AE9D-ECFBCEACE8B5}.Release|iPhone.Deploy.0 = Release|iPhone
		{A9C0E7D6-30FB-4964-AE9D-ECFBCEACE8B5}.Release|iPhoneSimulator.ActiveCfg = Release|iPhoneSimulator
		{A9C0E7D6-30FB-4964-AE9D-ECFBCEACE8B5}.Release|iPhoneSimulator.Build.0 = Release|iPhoneSimulator
		{A9C0E7D6-30FB-4964-AE9D-ECFBCEACE8B5}.Release|iPhoneSimulator.Deploy.0 = Release|iPhoneSimulator
		{AFB5A141-3C2F-467B-A869-06AD6B4D1E34}.Ad-Hoc|Any CPU.ActiveCfg = Debug|Any CPU
		{AFB5A141-3C2F-467B-A869-06AD6B4D1E34}.Ad-Hoc|Any CPU.Build.0 = Debug|Any CPU
		{AFB5A141-3C2F-467B-A869-06AD6B4D1E34}.Ad-Hoc|Any CPU.Deploy.0 = Debug|Any CPU
		{AFB5A141-3C2F-467B-A869-06AD6B4D1E34}.Ad-Hoc|iPhone.ActiveCfg = Debug|Any CPU
		{AFB5A141-3C2F-467B-A869-06AD6B4D1E34}.Ad-Hoc|iPhone.Build.0 = Debug|Any CPU
		{AFB5A141-3C2F-467B-A869-06AD6B4D1E34}.Ad-Hoc|iPhone.Deploy.0 = Debug|Any CPU
		{AFB5A141-3C2F-467B-A869-06AD6B4D1E34}.Ad-Hoc|iPhoneSimulator.ActiveCfg = Debug|Any CPU
		{AFB5A141-3C2F-467B-A869-06AD6B4D1E34}.Ad-Hoc|iPhoneSimulator.Build.0 = Debug|Any CPU
		{AFB5A141-3C2F-467B-A869-06AD6B4D1E34}.Ad-Hoc|iPhoneSimulator.Deploy.0 = Debug|Any CPU
		{AFB5A141-3C2F-467B-A869-06AD6B4D1E34}.AppStore|Any CPU.ActiveCfg = Debug|Any CPU
		{AFB5A141-3C2F-467B-A869-06AD6B4D1E34}.AppStore|Any CPU.Build.0 = Debug|Any CPU
		{AFB5A141-3C2F-467B-A869-06AD6B4D1E34}.AppStore|Any CPU.Deploy.0 = Debug|Any CPU
		{AFB5A141-3C2F-467B-A869-06AD6B4D1E34}.AppStore|iPhone.ActiveCfg = Debug|Any CPU
		{AFB5A141-3C2F-467B-A869-06AD6B4D1E34}.AppStore|iPhone.Build.0 = Debug|Any CPU
		{AFB5A141-3C2F-467B-A869-06AD6B4D1E34}.AppStore|iPhone.Deploy.0 = Debug|Any CPU
		{AFB5A141-3C2F-467B-A869-06AD6B4D1E34}.AppStore|iPhoneSimulator.ActiveCfg = Debug|Any CPU
		{AFB5A141-3C2F-467B-A869-06AD6B4D1E34}.AppStore|iPhoneSimulator.Build.0 = Debug|Any CPU
		{AFB5A141-3C2F-467B-A869-06AD6B4D1E34}.AppStore|iPhoneSimulator.Deploy.0 = Debug|Any CPU
		{AFB5A141-3C2F-467B-A869-06AD6B4D1E34}.Debug|Any CPU.ActiveCfg = Debug|Any CPU
		{AFB5A141-3C2F-467B-A869-06AD6B4D1E34}.Debug|Any CPU.Build.0 = Debug|Any CPU
		{AFB5A141-3C2F-467B-A869-06AD6B4D1E34}.Debug|Any CPU.Deploy.0 = Debug|Any CPU
		{AFB5A141-3C2F-467B-A869-06AD6B4D1E34}.Debug|iPhone.ActiveCfg = Debug|Any CPU
		{AFB5A141-3C2F-467B-A869-06AD6B4D1E34}.Debug|iPhone.Build.0 = Debug|Any CPU
		{AFB5A141-3C2F-467B-A869-06AD6B4D1E34}.Debug|iPhone.Deploy.0 = Debug|Any CPU
		{AFB5A141-3C2F-467B-A869-06AD6B4D1E34}.Debug|iPhoneSimulator.ActiveCfg = Debug|Any CPU
		{AFB5A141-3C2F-467B-A869-06AD6B4D1E34}.Debug|iPhoneSimulator.Build.0 = Debug|Any CPU
		{AFB5A141-3C2F-467B-A869-06AD6B4D1E34}.Debug|iPhoneSimulator.Deploy.0 = Debug|Any CPU
		{AFB5A141-3C2F-467B-A869-06AD6B4D1E34}.Release|Any CPU.ActiveCfg = Release|Any CPU
		{AFB5A141-3C2F-467B-A869-06AD6B4D1E34}.Release|Any CPU.Build.0 = Release|Any CPU
		{AFB5A141-3C2F-467B-A869-06AD6B4D1E34}.Release|Any CPU.Deploy.0 = Release|Any CPU
		{AFB5A141-3C2F-467B-A869-06AD6B4D1E34}.Release|iPhone.ActiveCfg = Release|Any CPU
		{AFB5A141-3C2F-467B-A869-06AD6B4D1E34}.Release|iPhone.Build.0 = Release|Any CPU
		{AFB5A141-3C2F-467B-A869-06AD6B4D1E34}.Release|iPhone.Deploy.0 = Release|Any CPU
		{AFB5A141-3C2F-467B-A869-06AD6B4D1E34}.Release|iPhoneSimulator.ActiveCfg = Release|Any CPU
		{AFB5A141-3C2F-467B-A869-06AD6B4D1E34}.Release|iPhoneSimulator.Build.0 = Release|Any CPU
		{AFB5A141-3C2F-467B-A869-06AD6B4D1E34}.Release|iPhoneSimulator.Deploy.0 = Release|Any CPU
	EndGlobalSection
	GlobalSection(SolutionProperties) = preSolution
		HideSolutionNode = FALSE
	EndGlobalSection
	GlobalSection(ExtensibilityGlobals) = postSolution
		SolutionGuid = {80B29F4D-C8DE-4010-BA10-CC701C3D15E9}
	EndGlobalSection
EndGlobal
