
Microsoft Visual Studio Solution File, Format Version 12.00
# Visual Studio 15
VisualStudioVersion = 15.0.27703.2042
MinimumVisualStudioVersion = 10.0.40219.1
Project("{FAE04EC0-301F-11D3-BF4B-00C04F79EFBC}") = "ShopProject", "ShopProject\ShopProject.csproj", "{395B560C-B3FF-4214-8DD0-0DDB061F6C0A}"
EndProject
Global
	GlobalSection(SolutionConfigurationPlatforms) = preSolution
		Debug|Any CPU = Debug|Any CPU
		Release|Any CPU = Release|Any CPU
	EndGlobalSection
	GlobalSection(ProjectConfigurationPlatforms) = postSolution
		{395B560C-B3FF-4214-8DD0-0DDB061F6C0A}.Debug|Any CPU.ActiveCfg = Debug|Any CPU
		{395B560C-B3FF-4214-8DD0-0DDB061F6C0A}.Debug|Any CPU.Build.0 = Debug|Any CPU
		{395B560C-B3FF-4214-8DD0-0DDB061F6C0A}.Release|Any CPU.ActiveCfg = Release|Any CPU
		{395B560C-B3FF-4214-8DD0-0DDB061F6C0A}.Release|Any CPU.Build.0 = Release|Any CPU
	EndGlobalSection
	GlobalSection(SolutionProperties) = preSolution
		HideSolutionNode = FALSE
	EndGlobalSection
	GlobalSection(ExtensibilityGlobals) = postSolution
		SolutionGuid = {92E4D86A-7519-48E0-ADAF-AD2C6B0B8583}
	EndGlobalSection
EndGlobal
