
Microsoft Visual Studio Solution File, Format Version 12.00
# Visual Studio 15
VisualStudioVersion = 15.0.26730.16
MinimumVisualStudioVersion = 10.0.40219.1
Project("{FAE04EC0-301F-11D3-BF4B-00C04F79EFBC}") = "28_Exception_Ex", "28_Exception_Ex\28_Exception_Ex.csproj", "{304D5D09-DC2B-46A2-88E5-F29B20D7C503}"
EndProject
Global
	GlobalSection(SolutionConfigurationPlatforms) = preSolution
		Debug|Any CPU = Debug|Any CPU
		Release|Any CPU = Release|Any CPU
	EndGlobalSection
	GlobalSection(ProjectConfigurationPlatforms) = postSolution
		{304D5D09-DC2B-46A2-88E5-F29B20D7C503}.Debug|Any CPU.ActiveCfg = Debug|Any CPU
		{304D5D09-DC2B-46A2-88E5-F29B20D7C503}.Debug|Any CPU.Build.0 = Debug|Any CPU
		{304D5D09-DC2B-46A2-88E5-F29B20D7C503}.Release|Any CPU.ActiveCfg = Release|Any CPU
		{304D5D09-DC2B-46A2-88E5-F29B20D7C503}.Release|Any CPU.Build.0 = Release|Any CPU
	EndGlobalSection
	GlobalSection(SolutionProperties) = preSolution
		HideSolutionNode = FALSE
	EndGlobalSection
	GlobalSection(ExtensibilityGlobals) = postSolution
		SolutionGuid = {3F3555F9-214A-4BE4-A5DE-978B48135AE8}
	EndGlobalSection
EndGlobal
